
Microsoft Visual Studio Solution File, Format Version 12.00
# Visual Studio Version 16
VisualStudioVersion = 16.0.29326.143
MinimumVisualStudioVersion = 10.0.40219.1
Project("{9A19103F-16F7-4668-BE54-9A1E7A4F7556}") = "Supermarket.API", "Supermarket.API\Supermarket.API.csproj", "{79E4C033-CA49-4F9F-83EB-5286CFFEF6CB}"
EndProject
Global
	GlobalSection(SolutionConfigurationPlatforms) = preSolution
		Debug|Any CPU = Debug|Any CPU
		Release|Any CPU = Release|Any CPU
	EndGlobalSection
	GlobalSection(ProjectConfigurationPlatforms) = postSolution
		{79E4C033-CA49-4F9F-83EB-5286CFFEF6CB}.Debug|Any CPU.ActiveCfg = Debug|Any CPU
		{79E4C033-CA49-4F9F-83EB-5286CFFEF6CB}.Debug|Any CPU.Build.0 = Debug|Any CPU
		{79E4C033-CA49-4F9F-83EB-5286CFFEF6CB}.Release|Any CPU.ActiveCfg = Release|Any CPU
		{79E4C033-CA49-4F9F-83EB-5286CFFEF6CB}.Release|Any CPU.Build.0 = Release|Any CPU
	EndGlobalSection
	GlobalSection(SolutionProperties) = preSolution
		HideSolutionNode = FALSE
	EndGlobalSection
	GlobalSection(ExtensibilityGlobals) = postSolution
		SolutionGuid = {E82FDBE2-919D-465A-AFE6-33809617215A}
	EndGlobalSection
EndGlobal
